
Microsoft Visual Studio Solution File, Format Version 12.00
# Visual Studio Version 17
VisualStudioVersion = 17.9.34701.34
MinimumVisualStudioVersion = 10.0.40219.1
Project("{FAE04EC0-301F-11D3-BF4B-00C04F79EFBC}") = "Concept", "Concept\Concept.csproj", "{CFD4C1AA-1B06-41FA-B8BA-89E7C75D82BA}"
EndProject
Global
	GlobalSection(SolutionConfigurationPlatforms) = preSolution
		Debug|Any CPU = Debug|Any CPU
		Release|Any CPU = Release|Any CPU
	EndGlobalSection
	GlobalSection(ProjectConfigurationPlatforms) = postSolution
		{CFD4C1AA-1B06-41FA-B8BA-89E7C75D82BA}.Debug|Any CPU.ActiveCfg = Debug|Any CPU
		{CFD4C1AA-1B06-41FA-B8BA-89E7C75D82BA}.Debug|Any CPU.Build.0 = Debug|Any CPU
		{CFD4C1AA-1B06-41FA-B8BA-89E7C75D82BA}.Release|Any CPU.ActiveCfg = Release|Any CPU
		{CFD4C1AA-1B06-41FA-B8BA-89E7C75D82BA}.Release|Any CPU.Build.0 = Release|Any CPU
	EndGlobalSection
	GlobalSection(SolutionProperties) = preSolution
		HideSolutionNode = FALSE
	EndGlobalSection
	GlobalSection(ExtensibilityGlobals) = postSolution
		SolutionGuid = {29A7B70F-64D9-4DCD-8EC7-2FDFCA2EC30E}
	EndGlobalSection
EndGlobal
