
Microsoft Visual Studio Solution File, Format Version 12.00
# Visual Studio Version 17
VisualStudioVersion = 17.9.34701.34
MinimumVisualStudioVersion = 10.0.40219.1
Project("{FAE04EC0-301F-11D3-BF4B-00C04F79EFBC}") = "Library_System", "Library_System\Library_System.csproj", "{299B50CA-2F92-4AD4-AF96-6D4BC1850764}"
EndProject
Global
	GlobalSection(SolutionConfigurationPlatforms) = preSolution
		Debug|Any CPU = Debug|Any CPU
		Release|Any CPU = Release|Any CPU
	EndGlobalSection
	GlobalSection(ProjectConfigurationPlatforms) = postSolution
		{299B50CA-2F92-4AD4-AF96-6D4BC1850764}.Debug|Any CPU.ActiveCfg = Debug|Any CPU
		{299B50CA-2F92-4AD4-AF96-6D4BC1850764}.Debug|Any CPU.Build.0 = Debug|Any CPU
		{299B50CA-2F92-4AD4-AF96-6D4BC1850764}.Release|Any CPU.ActiveCfg = Release|Any CPU
		{299B50CA-2F92-4AD4-AF96-6D4BC1850764}.Release|Any CPU.Build.0 = Release|Any CPU
	EndGlobalSection
	GlobalSection(SolutionProperties) = preSolution
		HideSolutionNode = FALSE
	EndGlobalSection
	GlobalSection(ExtensibilityGlobals) = postSolution
		SolutionGuid = {E890EF48-7FFB-4686-8F5A-DCAE44F7DC56}
	EndGlobalSection
EndGlobal
