
Microsoft Visual Studio Solution File, Format Version 12.00
# Visual Studio Version 17
VisualStudioVersion = 17.9.34701.34
MinimumVisualStudioVersion = 10.0.40219.1
Project("{FAE04EC0-301F-11D3-BF4B-00C04F79EFBC}") = "Delegate", "Delegate\Delegate.csproj", "{612AEEA5-5BF6-4AA8-9787-183151603DDA}"
EndProject
Global
	GlobalSection(SolutionConfigurationPlatforms) = preSolution
		Debug|Any CPU = Debug|Any CPU
		Release|Any CPU = Release|Any CPU
	EndGlobalSection
	GlobalSection(ProjectConfigurationPlatforms) = postSolution
		{612AEEA5-5BF6-4AA8-9787-183151603DDA}.Debug|Any CPU.ActiveCfg = Debug|Any CPU
		{612AEEA5-5BF6-4AA8-9787-183151603DDA}.Debug|Any CPU.Build.0 = Debug|Any CPU
		{612AEEA5-5BF6-4AA8-9787-183151603DDA}.Release|Any CPU.ActiveCfg = Release|Any CPU
		{612AEEA5-5BF6-4AA8-9787-183151603DDA}.Release|Any CPU.Build.0 = Release|Any CPU
	EndGlobalSection
	GlobalSection(SolutionProperties) = preSolution
		HideSolutionNode = FALSE
	EndGlobalSection
	GlobalSection(ExtensibilityGlobals) = postSolution
		SolutionGuid = {FD701B18-E7CA-4070-B72C-D545D610974E}
	EndGlobalSection
EndGlobal
