
Microsoft Visual Studio Solution File, Format Version 12.00
# Visual Studio Version 17
VisualStudioVersion = 17.9.34701.34
MinimumVisualStudioVersion = 10.0.40219.1
Project("{FAE04EC0-301F-11D3-BF4B-00C04F79EFBC}") = "Day_1_mvc", "Day_1_mvc\Day_1_mvc.csproj", "{0DDB3CAC-DF32-4820-9CD1-18E3412C768F}"
EndProject
Global
	GlobalSection(SolutionConfigurationPlatforms) = preSolution
		Debug|Any CPU = Debug|Any CPU
		Release|Any CPU = Release|Any CPU
	EndGlobalSection
	GlobalSection(ProjectConfigurationPlatforms) = postSolution
		{0DDB3CAC-DF32-4820-9CD1-18E3412C768F}.Debug|Any CPU.ActiveCfg = Debug|Any CPU
		{0DDB3CAC-DF32-4820-9CD1-18E3412C768F}.Debug|Any CPU.Build.0 = Debug|Any CPU
		{0DDB3CAC-DF32-4820-9CD1-18E3412C768F}.Release|Any CPU.ActiveCfg = Release|Any CPU
		{0DDB3CAC-DF32-4820-9CD1-18E3412C768F}.Release|Any CPU.Build.0 = Release|Any CPU
	EndGlobalSection
	GlobalSection(SolutionProperties) = preSolution
		HideSolutionNode = FALSE
	EndGlobalSection
	GlobalSection(ExtensibilityGlobals) = postSolution
		SolutionGuid = {B1339666-ADC9-4C7D-9304-4AEBDBFE7D11}
	EndGlobalSection
EndGlobal
