
Microsoft Visual Studio Solution File, Format Version 12.00
# Visual Studio Version 17
VisualStudioVersion = 17.9.34701.34
MinimumVisualStudioVersion = 10.0.40219.1
Project("{FAE04EC0-301F-11D3-BF4B-00C04F79EFBC}") = "Apply", "Apply\Apply.csproj", "{6AF3F06C-ED20-4157-A238-9F160084A076}"
EndProject
Project("{FAE04EC0-301F-11D3-BF4B-00C04F79EFBC}") = "Shared", "Shard\Shared.csproj", "{7059D40E-C025-45FC-8177-E6D6F94E5120}"
EndProject
Global
	GlobalSection(SolutionConfigurationPlatforms) = preSolution
		Debug|Any CPU = Debug|Any CPU
		Release|Any CPU = Release|Any CPU
	EndGlobalSection
	GlobalSection(ProjectConfigurationPlatforms) = postSolution
		{6AF3F06C-ED20-4157-A238-9F160084A076}.Debug|Any CPU.ActiveCfg = Debug|Any CPU
		{6AF3F06C-ED20-4157-A238-9F160084A076}.Debug|Any CPU.Build.0 = Debug|Any CPU
		{6AF3F06C-ED20-4157-A238-9F160084A076}.Release|Any CPU.ActiveCfg = Release|Any CPU
		{6AF3F06C-ED20-4157-A238-9F160084A076}.Release|Any CPU.Build.0 = Release|Any CPU
		{7059D40E-C025-45FC-8177-E6D6F94E5120}.Debug|Any CPU.ActiveCfg = Debug|Any CPU
		{7059D40E-C025-45FC-8177-E6D6F94E5120}.Debug|Any CPU.Build.0 = Debug|Any CPU
		{7059D40E-C025-45FC-8177-E6D6F94E5120}.Release|Any CPU.ActiveCfg = Release|Any CPU
		{7059D40E-C025-45FC-8177-E6D6F94E5120}.Release|Any CPU.Build.0 = Release|Any CPU
	EndGlobalSection
	GlobalSection(SolutionProperties) = preSolution
		HideSolutionNode = FALSE
	EndGlobalSection
	GlobalSection(ExtensibilityGlobals) = postSolution
		SolutionGuid = {A90AB0B9-8558-4BA7-BBFF-FD1F795F133B}
	EndGlobalSection
EndGlobal
