
Microsoft Visual Studio Solution File, Format Version 12.00
# Visual Studio Version 17
VisualStudioVersion = 17.9.34701.34
MinimumVisualStudioVersion = 10.0.40219.1
Project("{FAE04EC0-301F-11D3-BF4B-00C04F79EFBC}") = "DAY_1", "DAY_1\DAY_1.csproj", "{55FD5492-7800-49C1-9101-6E3615209960}"
EndProject
Global
	GlobalSection(SolutionConfigurationPlatforms) = preSolution
		Debug|Any CPU = Debug|Any CPU
		Release|Any CPU = Release|Any CPU
	EndGlobalSection
	GlobalSection(ProjectConfigurationPlatforms) = postSolution
		{55FD5492-7800-49C1-9101-6E3615209960}.Debug|Any CPU.ActiveCfg = Debug|Any CPU
		{55FD5492-7800-49C1-9101-6E3615209960}.Debug|Any CPU.Build.0 = Debug|Any CPU
		{55FD5492-7800-49C1-9101-6E3615209960}.Release|Any CPU.ActiveCfg = Release|Any CPU
		{55FD5492-7800-49C1-9101-6E3615209960}.Release|Any CPU.Build.0 = Release|Any CPU
	EndGlobalSection
	GlobalSection(SolutionProperties) = preSolution
		HideSolutionNode = FALSE
	EndGlobalSection
	GlobalSection(ExtensibilityGlobals) = postSolution
		SolutionGuid = {6EBD9D80-D985-4FC0-A711-CCDB951B3F07}
	EndGlobalSection
EndGlobal
